
Microsoft Visual Studio Solution File, Format Version 12.00
# Visual Studio 15
VisualStudioVersion = 15.0.26730.15
MinimumVisualStudioVersion = 10.0.40219.1
Project("{FAE04EC0-301F-11D3-BF4B-00C04F79EFBC}") = "DataStructures", "DataStructures\DataStructures.csproj", "{F1359677-1A95-4D30-BCB7-DAD2315673A5}"
EndProject
Project("{FAE04EC0-301F-11D3-BF4B-00C04F79EFBC}") = "UnitTests", "UnitTests\UnitTests.csproj", "{D720167D-5493-40F3-BD24-49B6AA6AE709}"
EndProject
Project("{FAE04EC0-301F-11D3-BF4B-00C04F79EFBC}") = "SearchAlgorithms", "SearchAlgorithms\SearchAlgorithms.csproj", "{71888DAC-5975-4CCE-8F9B-EBC467002A64}"
EndProject
Global
	GlobalSection(SolutionConfigurationPlatforms) = preSolution
		Debug|Any CPU = Debug|Any CPU
		Release|Any CPU = Release|Any CPU
	EndGlobalSection
	GlobalSection(ProjectConfigurationPlatforms) = postSolution
		{F1359677-1A95-4D30-BCB7-DAD2315673A5}.Debug|Any CPU.ActiveCfg = Debug|Any CPU
		{F1359677-1A95-4D30-BCB7-DAD2315673A5}.Debug|Any CPU.Build.0 = Debug|Any CPU
		{F1359677-1A95-4D30-BCB7-DAD2315673A5}.Release|Any CPU.ActiveCfg = Release|Any CPU
		{F1359677-1A95-4D30-BCB7-DAD2315673A5}.Release|Any CPU.Build.0 = Release|Any CPU
		{D720167D-5493-40F3-BD24-49B6AA6AE709}.Debug|Any CPU.ActiveCfg = Debug|Any CPU
		{D720167D-5493-40F3-BD24-49B6AA6AE709}.Debug|Any CPU.Build.0 = Debug|Any CPU
		{D720167D-5493-40F3-BD24-49B6AA6AE709}.Release|Any CPU.ActiveCfg = Release|Any CPU
		{D720167D-5493-40F3-BD24-49B6AA6AE709}.Release|Any CPU.Build.0 = Release|Any CPU
		{71888DAC-5975-4CCE-8F9B-EBC467002A64}.Debug|Any CPU.ActiveCfg = Debug|Any CPU
		{71888DAC-5975-4CCE-8F9B-EBC467002A64}.Debug|Any CPU.Build.0 = Debug|Any CPU
		{71888DAC-5975-4CCE-8F9B-EBC467002A64}.Release|Any CPU.ActiveCfg = Release|Any CPU
		{71888DAC-5975-4CCE-8F9B-EBC467002A64}.Release|Any CPU.Build.0 = Release|Any CPU
	EndGlobalSection
	GlobalSection(SolutionProperties) = preSolution
		HideSolutionNode = FALSE
	EndGlobalSection
	GlobalSection(ExtensibilityGlobals) = postSolution
		SolutionGuid = {8399D03E-72FD-4B6D-9C20-45F1548373F3}
	EndGlobalSection
EndGlobal
